// !$*UTF8*$!
{
	archiveVersion = 1;
	classes = {
	};
	objectVersion = 56;
	objects = {

/* Begin PBXBuildFile section */
		23A7D223629EC1F103882DED /* Pods_movie_app.framework in Frameworks */ = {isa = PBXBuildFile; fileRef = 518CBAAA615AF48F74A0E8B9 /* Pods_movie_app.framework */; };
		8207F4952BF7088E009E322B /* DateFormatterHelper.swift in Sources */ = {isa = PBXBuildFile; fileRef = 8207F4942BF7088E009E322B /* DateFormatterHelper.swift */; };
		8207F4972BF74F4E009E322B /* UIViewExtension.swift in Sources */ = {isa = PBXBuildFile; fileRef = 8207F4962BF74F4E009E322B /* UIViewExtension.swift */; };
		821063E82BEA0B760066B4DA /* Movie.swift in Sources */ = {isa = PBXBuildFile; fileRef = 821063E72BEA0B760066B4DA /* Movie.swift */; };
		821E6A142BEDD46900868672 /* MovieDetail.swift in Sources */ = {isa = PBXBuildFile; fileRef = 821E6A132BEDD46900868672 /* MovieDetail.swift */; };
		821E6A192BEDD85300868672 /* NetworkManager.swift in Sources */ = {isa = PBXBuildFile; fileRef = 821E6A182BEDD85300868672 /* NetworkManager.swift */; };
		826D19A92BE9E78D006EDEF3 /* AppDelegate.swift in Sources */ = {isa = PBXBuildFile; fileRef = 826D19A82BE9E78D006EDEF3 /* AppDelegate.swift */; };
		826D19AB2BE9E78D006EDEF3 /* SceneDelegate.swift in Sources */ = {isa = PBXBuildFile; fileRef = 826D19AA2BE9E78D006EDEF3 /* SceneDelegate.swift */; };
		826D19B02BE9E78D006EDEF3 /* Base in Resources */ = {isa = PBXBuildFile; fileRef = 826D19AF2BE9E78D006EDEF3 /* Base */; };
		826D19B22BE9E78F006EDEF3 /* Assets.xcassets in Resources */ = {isa = PBXBuildFile; fileRef = 826D19B12BE9E78F006EDEF3 /* Assets.xcassets */; };
		826D19B52BE9E78F006EDEF3 /* Base in Resources */ = {isa = PBXBuildFile; fileRef = 826D19B42BE9E78F006EDEF3 /* Base */; };
		826D19D82BE9EA9C006EDEF3 /* Pods_movie_app_movie_appUITests.framework in Frameworks */ = {isa = PBXBuildFile; fileRef = 854930907474626120CE45B8 /* Pods_movie_app_movie_appUITests.framework */; };
		826D19D92BE9EA9C006EDEF3 /* Pods_movie_app_movie_appUITests.framework in Embed Frameworks */ = {isa = PBXBuildFile; fileRef = 854930907474626120CE45B8 /* Pods_movie_app_movie_appUITests.framework */; settings = {ATTRIBUTES = (CodeSignOnCopy, RemoveHeadersOnCopy, ); }; };
		826F56802BF3CB0500968902 /* MovieDetailVC.swift in Sources */ = {isa = PBXBuildFile; fileRef = 826F567F2BF3CB0500968902 /* MovieDetailVC.swift */; };
		826F56832BF3E68C00968902 /* Genre.swift in Sources */ = {isa = PBXBuildFile; fileRef = 826F56822BF3E68C00968902 /* Genre.swift */; };
		826F56862BF3EDD200968902 /* MovieTableViewCell.swift in Sources */ = {isa = PBXBuildFile; fileRef = 826F56852BF3EDD200968902 /* MovieTableViewCell.swift */; };
		828E2F6A2BEE9A4400B56A96 /* UrlSession.swift in Sources */ = {isa = PBXBuildFile; fileRef = 828E2F692BEE9A4400B56A96 /* UrlSession.swift */; };
		828E2F712BEECBDD00B56A96 /* HomeVC.swift in Sources */ = {isa = PBXBuildFile; fileRef = 828E2F702BEECBDD00B56A96 /* HomeVC.swift */; };
		82D6D3D92BF678C200AEA611 /* DBHelper.swift in Sources */ = {isa = PBXBuildFile; fileRef = 82D6D3D82BF678C200AEA611 /* DBHelper.swift */; };
		FA3ACA2708968D00B1614901 /* Pods_movie_appTests.framework in Frameworks */ = {isa = PBXBuildFile; fileRef = C1FE9FDC9C48C3B90AC1BF1A /* Pods_movie_appTests.framework */; };
/* End PBXBuildFile section */

/* Begin PBXContainerItemProxy section */
		826D19BC2BE9E78F006EDEF3 /* PBXContainerItemProxy */ = {
			isa = PBXContainerItemProxy;
			containerPortal = 826D199D2BE9E78D006EDEF3 /* Project object */;
			proxyType = 1;
			remoteGlobalIDString = 826D19A42BE9E78D006EDEF3;
			remoteInfo = movie_app;
		};
		826D19C62BE9E78F006EDEF3 /* PBXContainerItemProxy */ = {
			isa = PBXContainerItemProxy;
			containerPortal = 826D199D2BE9E78D006EDEF3 /* Project object */;
			proxyType = 1;
			remoteGlobalIDString = 826D19A42BE9E78D006EDEF3;
			remoteInfo = movie_app;
		};
/* End PBXContainerItemProxy section */

/* Begin PBXCopyFilesBuildPhase section */
		826D19DA2BE9EA9C006EDEF3 /* Embed Frameworks */ = {
			isa = PBXCopyFilesBuildPhase;
			buildActionMask = 2147483647;
			dstPath = "";
			dstSubfolderSpec = 10;
			files = (
				826D19D92BE9EA9C006EDEF3 /* Pods_movie_app_movie_appUITests.framework in Embed Frameworks */,
			);
			name = "Embed Frameworks";
			runOnlyForDeploymentPostprocessing = 0;
		};
/* End PBXCopyFilesBuildPhase section */

/* Begin PBXFileReference section */
		0C970BBA5730084CCA6735EC /* Pods-movie_appTests.release.xcconfig */ = {isa = PBXFileReference; includeInIndex = 1; lastKnownFileType = text.xcconfig; name = "Pods-movie_appTests.release.xcconfig"; path = "Target Support Files/Pods-movie_appTests/Pods-movie_appTests.release.xcconfig"; sourceTree = "<group>"; };
		518CBAAA615AF48F74A0E8B9 /* Pods_movie_app.framework */ = {isa = PBXFileReference; explicitFileType = wrapper.framework; includeInIndex = 0; path = Pods_movie_app.framework; sourceTree = BUILT_PRODUCTS_DIR; };
		581020DACDCD78BB52E63321 /* Pods-movie_app-movie_appUITests.release.xcconfig */ = {isa = PBXFileReference; includeInIndex = 1; lastKnownFileType = text.xcconfig; name = "Pods-movie_app-movie_appUITests.release.xcconfig"; path = "Target Support Files/Pods-movie_app-movie_appUITests/Pods-movie_app-movie_appUITests.release.xcconfig"; sourceTree = "<group>"; };
		716652F2E3C2AE3143414A8A /* Pods-movie_appTests.debug.xcconfig */ = {isa = PBXFileReference; includeInIndex = 1; lastKnownFileType = text.xcconfig; name = "Pods-movie_appTests.debug.xcconfig"; path = "Target Support Files/Pods-movie_appTests/Pods-movie_appTests.debug.xcconfig"; sourceTree = "<group>"; };
		8207F4942BF7088E009E322B /* DateFormatterHelper.swift */ = {isa = PBXFileReference; lastKnownFileType = sourcecode.swift; path = DateFormatterHelper.swift; sourceTree = "<group>"; };
		8207F4962BF74F4E009E322B /* UIViewExtension.swift */ = {isa = PBXFileReference; lastKnownFileType = sourcecode.swift; path = UIViewExtension.swift; sourceTree = "<group>"; };
		821063E72BEA0B760066B4DA /* Movie.swift */ = {isa = PBXFileReference; lastKnownFileType = sourcecode.swift; path = Movie.swift; sourceTree = "<group>"; };
		821E6A132BEDD46900868672 /* MovieDetail.swift */ = {isa = PBXFileReference; lastKnownFileType = sourcecode.swift; path = MovieDetail.swift; sourceTree = "<group>"; };
		821E6A182BEDD85300868672 /* NetworkManager.swift */ = {isa = PBXFileReference; lastKnownFileType = sourcecode.swift; path = NetworkManager.swift; sourceTree = "<group>"; };
		826D19A52BE9E78D006EDEF3 /* movie_app.app */ = {isa = PBXFileReference; explicitFileType = wrapper.application; includeInIndex = 0; path = movie_app.app; sourceTree = BUILT_PRODUCTS_DIR; };
		826D19A82BE9E78D006EDEF3 /* AppDelegate.swift */ = {isa = PBXFileReference; lastKnownFileType = sourcecode.swift; path = AppDelegate.swift; sourceTree = "<group>"; };
		826D19AA2BE9E78D006EDEF3 /* SceneDelegate.swift */ = {isa = PBXFileReference; lastKnownFileType = sourcecode.swift; path = SceneDelegate.swift; sourceTree = "<group>"; };
		826D19AF2BE9E78D006EDEF3 /* Base */ = {isa = PBXFileReference; lastKnownFileType = file.storyboard; name = Base; path = Base.lproj/Main.storyboard; sourceTree = "<group>"; };
		826D19B12BE9E78F006EDEF3 /* Assets.xcassets */ = {isa = PBXFileReference; lastKnownFileType = folder.assetcatalog; path = Assets.xcassets; sourceTree = "<group>"; };
		826D19B42BE9E78F006EDEF3 /* Base */ = {isa = PBXFileReference; lastKnownFileType = file.storyboard; name = Base; path = Base.lproj/LaunchScreen.storyboard; sourceTree = "<group>"; };
		826D19B62BE9E78F006EDEF3 /* Info.plist */ = {isa = PBXFileReference; lastKnownFileType = text.plist.xml; path = Info.plist; sourceTree = "<group>"; };
		826D19BB2BE9E78F006EDEF3 /* movie_appTests.xctest */ = {isa = PBXFileReference; explicitFileType = wrapper.cfbundle; includeInIndex = 0; path = movie_appTests.xctest; sourceTree = BUILT_PRODUCTS_DIR; };
		826D19C52BE9E78F006EDEF3 /* movie_appUITests.xctest */ = {isa = PBXFileReference; explicitFileType = wrapper.cfbundle; includeInIndex = 0; path = movie_appUITests.xctest; sourceTree = BUILT_PRODUCTS_DIR; };
		826F567F2BF3CB0500968902 /* MovieDetailVC.swift */ = {isa = PBXFileReference; lastKnownFileType = sourcecode.swift; path = MovieDetailVC.swift; sourceTree = "<group>"; };
		826F56822BF3E68C00968902 /* Genre.swift */ = {isa = PBXFileReference; lastKnownFileType = sourcecode.swift; path = Genre.swift; sourceTree = "<group>"; };
		826F56852BF3EDD200968902 /* MovieTableViewCell.swift */ = {isa = PBXFileReference; lastKnownFileType = sourcecode.swift; path = MovieTableViewCell.swift; sourceTree = "<group>"; };
		828E2F692BEE9A4400B56A96 /* UrlSession.swift */ = {isa = PBXFileReference; lastKnownFileType = sourcecode.swift; path = UrlSession.swift; sourceTree = "<group>"; };
		828E2F702BEECBDD00B56A96 /* HomeVC.swift */ = {isa = PBXFileReference; lastKnownFileType = sourcecode.swift; path = HomeVC.swift; sourceTree = "<group>"; };
		82D6D3D82BF678C200AEA611 /* DBHelper.swift */ = {isa = PBXFileReference; lastKnownFileType = sourcecode.swift; path = DBHelper.swift; sourceTree = "<group>"; };
		854930907474626120CE45B8 /* Pods_movie_app_movie_appUITests.framework */ = {isa = PBXFileReference; explicitFileType = wrapper.framework; includeInIndex = 0; path = Pods_movie_app_movie_appUITests.framework; sourceTree = BUILT_PRODUCTS_DIR; };
		C1FE9FDC9C48C3B90AC1BF1A /* Pods_movie_appTests.framework */ = {isa = PBXFileReference; explicitFileType = wrapper.framework; includeInIndex = 0; path = Pods_movie_appTests.framework; sourceTree = BUILT_PRODUCTS_DIR; };
		D67FC37DC696C0C2A20CFD79 /* Pods-movie_app-movie_appUITests.debug.xcconfig */ = {isa = PBXFileReference; includeInIndex = 1; lastKnownFileType = text.xcconfig; name = "Pods-movie_app-movie_appUITests.debug.xcconfig"; path = "Target Support Files/Pods-movie_app-movie_appUITests/Pods-movie_app-movie_appUITests.debug.xcconfig"; sourceTree = "<group>"; };
		DDAA418217EC4B07CF918AC3 /* Pods-movie_app.release.xcconfig */ = {isa = PBXFileReference; includeInIndex = 1; lastKnownFileType = text.xcconfig; name = "Pods-movie_app.release.xcconfig"; path = "Target Support Files/Pods-movie_app/Pods-movie_app.release.xcconfig"; sourceTree = "<group>"; };
		E8F2635F26B3DBD78C442C18 /* Pods-movie_app.debug.xcconfig */ = {isa = PBXFileReference; includeInIndex = 1; lastKnownFileType = text.xcconfig; name = "Pods-movie_app.debug.xcconfig"; path = "Target Support Files/Pods-movie_app/Pods-movie_app.debug.xcconfig"; sourceTree = "<group>"; };
/* End PBXFileReference section */

/* Begin PBXFrameworksBuildPhase section */
		826D19A22BE9E78D006EDEF3 /* Frameworks */ = {
			isa = PBXFrameworksBuildPhase;
			buildActionMask = 2147483647;
			files = (
				23A7D223629EC1F103882DED /* Pods_movie_app.framework in Frameworks */,
			);
			runOnlyForDeploymentPostprocessing = 0;
		};
		826D19B82BE9E78F006EDEF3 /* Frameworks */ = {
			isa = PBXFrameworksBuildPhase;
			buildActionMask = 2147483647;
			files = (
				FA3ACA2708968D00B1614901 /* Pods_movie_appTests.framework in Frameworks */,
			);
			runOnlyForDeploymentPostprocessing = 0;
		};
		826D19C22BE9E78F006EDEF3 /* Frameworks */ = {
			isa = PBXFrameworksBuildPhase;
			buildActionMask = 2147483647;
			files = (
				826D19D82BE9EA9C006EDEF3 /* Pods_movie_app_movie_appUITests.framework in Frameworks */,
			);
			runOnlyForDeploymentPostprocessing = 0;
		};
/* End PBXFrameworksBuildPhase section */

/* Begin PBXGroup section */
		821063E62BEA0B4F0066B4DA /* Models */ = {
			isa = PBXGroup;
			children = (
				821063E72BEA0B760066B4DA /* Movie.swift */,
				821E6A132BEDD46900868672 /* MovieDetail.swift */,
				826F56822BF3E68C00968902 /* Genre.swift */,
			);
			path = Models;
			sourceTree = "<group>";
		};
		821E6A172BEDD5E800868672 /* Network */ = {
			isa = PBXGroup;
			children = (
				821E6A182BEDD85300868672 /* NetworkManager.swift */,
			);
			path = Network;
			sourceTree = "<group>";
		};
		826D199C2BE9E78D006EDEF3 = {
			isa = PBXGroup;
			children = (
				826D19A72BE9E78D006EDEF3 /* movie_app */,
				826D19A62BE9E78D006EDEF3 /* Products */,
				D0245846AD48DA499FC8AC92 /* Pods */,
				B7472232DAFDB2C5CD07C057 /* Frameworks */,
			);
			sourceTree = "<group>";
		};
		826D19A62BE9E78D006EDEF3 /* Products */ = {
			isa = PBXGroup;
			children = (
				826D19A52BE9E78D006EDEF3 /* movie_app.app */,
				826D19BB2BE9E78F006EDEF3 /* movie_appTests.xctest */,
				826D19C52BE9E78F006EDEF3 /* movie_appUITests.xctest */,
			);
			name = Products;
			sourceTree = "<group>";
		};
		826D19A72BE9E78D006EDEF3 /* movie_app */ = {
			isa = PBXGroup;
			children = (
				82D6D3D72BF678AA00AEA611 /* Database */,
				82BC6EEE2BF48BB200A45E25 /* Screen */,
				826F56812BF3D6E300968902 /* Extensions */,
				828E2F6B2BEEB51900B56A96 /* Configs */,
				821E6A172BEDD5E800868672 /* Network */,
				821063E62BEA0B4F0066B4DA /* Models */,
				826D19A82BE9E78D006EDEF3 /* AppDelegate.swift */,
				826D19AA2BE9E78D006EDEF3 /* SceneDelegate.swift */,
				826D19AE2BE9E78D006EDEF3 /* Main.storyboard */,
				826D19B12BE9E78F006EDEF3 /* Assets.xcassets */,
				826D19B32BE9E78F006EDEF3 /* LaunchScreen.storyboard */,
				826D19B62BE9E78F006EDEF3 /* Info.plist */,
			);
			path = movie_app;
			sourceTree = "<group>";
		};
		826F56812BF3D6E300968902 /* Extensions */ = {
			isa = PBXGroup;
			children = (
				8207F4942BF7088E009E322B /* DateFormatterHelper.swift */,
				8207F4962BF74F4E009E322B /* UIViewExtension.swift */,
			);
			path = Extensions;
			sourceTree = "<group>";
		};
		828E2F6B2BEEB51900B56A96 /* Configs */ = {
			isa = PBXGroup;
			children = (
				828E2F692BEE9A4400B56A96 /* UrlSession.swift */,
			);
			path = Configs;
			sourceTree = "<group>";
		};
		82BC6EEE2BF48BB200A45E25 /* Screen */ = {
			isa = PBXGroup;
			children = (
				82BC6EF02BF48BCD00A45E25 /* MovieDetail */,
				82BC6EEF2BF48BC800A45E25 /* Home */,
			);
			path = Screen;
			sourceTree = "<group>";
		};
		82BC6EEF2BF48BC800A45E25 /* Home */ = {
			isa = PBXGroup;
			children = (
				826F56852BF3EDD200968902 /* MovieTableViewCell.swift */,
				828E2F702BEECBDD00B56A96 /* HomeVC.swift */,
			);
			path = Home;
			sourceTree = "<group>";
		};
		82BC6EF02BF48BCD00A45E25 /* MovieDetail */ = {
			isa = PBXGroup;
			children = (
				826F567F2BF3CB0500968902 /* MovieDetailVC.swift */,
			);
			path = MovieDetail;
			sourceTree = "<group>";
		};
		82D6D3D72BF678AA00AEA611 /* Database */ = {
			isa = PBXGroup;
			children = (
				82D6D3D82BF678C200AEA611 /* DBHelper.swift */,
			);
			path = Database;
			sourceTree = "<group>";
		};
		B7472232DAFDB2C5CD07C057 /* Frameworks */ = {
			isa = PBXGroup;
			children = (
				518CBAAA615AF48F74A0E8B9 /* Pods_movie_app.framework */,
				854930907474626120CE45B8 /* Pods_movie_app_movie_appUITests.framework */,
				C1FE9FDC9C48C3B90AC1BF1A /* Pods_movie_appTests.framework */,
			);
			name = Frameworks;
			sourceTree = "<group>";
		};
		D0245846AD48DA499FC8AC92 /* Pods */ = {
			isa = PBXGroup;
			children = (
				E8F2635F26B3DBD78C442C18 /* Pods-movie_app.debug.xcconfig */,
				DDAA418217EC4B07CF918AC3 /* Pods-movie_app.release.xcconfig */,
				D67FC37DC696C0C2A20CFD79 /* Pods-movie_app-movie_appUITests.debug.xcconfig */,
				581020DACDCD78BB52E63321 /* Pods-movie_app-movie_appUITests.release.xcconfig */,
				716652F2E3C2AE3143414A8A /* Pods-movie_appTests.debug.xcconfig */,
				0C970BBA5730084CCA6735EC /* Pods-movie_appTests.release.xcconfig */,
			);
			path = Pods;
			sourceTree = "<group>";
		};
/* End PBXGroup section */

/* Begin PBXNativeTarget section */
		826D19A42BE9E78D006EDEF3 /* movie_app */ = {
			isa = PBXNativeTarget;
			buildConfigurationList = 826D19CF2BE9E78F006EDEF3 /* Build configuration list for PBXNativeTarget "movie_app" */;
			buildPhases = (
				C182A3AD74741956CBD71EA3 /* [CP] Check Pods Manifest.lock */,
				826D19A12BE9E78D006EDEF3 /* Sources */,
				826D19A22BE9E78D006EDEF3 /* Frameworks */,
				826D19A32BE9E78D006EDEF3 /* Resources */,
				88FF493C09E2068E58B96483 /* [CP] Embed Pods Frameworks */,
			);
			buildRules = (
			);
			dependencies = (
			);
			name = movie_app;
			productName = movie_app;
			productReference = 826D19A52BE9E78D006EDEF3 /* movie_app.app */;
			productType = "com.apple.product-type.application";
		};
		826D19BA2BE9E78F006EDEF3 /* movie_appTests */ = {
			isa = PBXNativeTarget;
			buildConfigurationList = 826D19D22BE9E78F006EDEF3 /* Build configuration list for PBXNativeTarget "movie_appTests" */;
			buildPhases = (
				FED01B14303472D9EA999C4E /* [CP] Check Pods Manifest.lock */,
				826D19B72BE9E78F006EDEF3 /* Sources */,
				826D19B82BE9E78F006EDEF3 /* Frameworks */,
				826D19B92BE9E78F006EDEF3 /* Resources */,
			);
			buildRules = (
			);
			dependencies = (
				826D19BD2BE9E78F006EDEF3 /* PBXTargetDependency */,
			);
			name = movie_appTests;
			productName = movie_appTests;
			productReference = 826D19BB2BE9E78F006EDEF3 /* movie_appTests.xctest */;
			productType = "com.apple.product-type.bundle.unit-test";
		};
		826D19C42BE9E78F006EDEF3 /* movie_appUITests */ = {
			isa = PBXNativeTarget;
			buildConfigurationList = 826D19D52BE9E78F006EDEF3 /* Build configuration list for PBXNativeTarget "movie_appUITests" */;
			buildPhases = (
				9FA812BBC74AFACF12641D4A /* [CP] Check Pods Manifest.lock */,
				826D19C12BE9E78F006EDEF3 /* Sources */,
				826D19C22BE9E78F006EDEF3 /* Frameworks */,
				826D19C32BE9E78F006EDEF3 /* Resources */,
				3530F1CA9DDA8C7C6DDE47D6 /* [CP] Embed Pods Frameworks */,
				826D19DA2BE9EA9C006EDEF3 /* Embed Frameworks */,
			);
			buildRules = (
			);
			dependencies = (
				826D19C72BE9E78F006EDEF3 /* PBXTargetDependency */,
			);
			name = movie_appUITests;
			productName = movie_appUITests;
			productReference = 826D19C52BE9E78F006EDEF3 /* movie_appUITests.xctest */;
			productType = "com.apple.product-type.bundle.ui-testing";
		};
/* End PBXNativeTarget section */

/* Begin PBXProject section */
		826D199D2BE9E78D006EDEF3 /* Project object */ = {
			isa = PBXProject;
			attributes = {
				BuildIndependentTargetsInParallel = 1;
				LastSwiftUpdateCheck = 1530;
				LastUpgradeCheck = 1530;
				TargetAttributes = {
					826D19A42BE9E78D006EDEF3 = {
						CreatedOnToolsVersion = 15.3;
					};
					826D19BA2BE9E78F006EDEF3 = {
						CreatedOnToolsVersion = 15.3;
						TestTargetID = 826D19A42BE9E78D006EDEF3;
					};
					826D19C42BE9E78F006EDEF3 = {
						CreatedOnToolsVersion = 15.3;
						TestTargetID = 826D19A42BE9E78D006EDEF3;
					};
				};
			};
			buildConfigurationList = 826D19A02BE9E78D006EDEF3 /* Build configuration list for PBXProject "movie_app" */;
			compatibilityVersion = "Xcode 14.0";
			developmentRegion = en;
			hasScannedForEncodings = 0;
			knownRegions = (
				en,
				Base,
			);
			mainGroup = 826D199C2BE9E78D006EDEF3;
			productRefGroup = 826D19A62BE9E78D006EDEF3 /* Products */;
			projectDirPath = "";
			projectRoot = "";
			targets = (
				826D19A42BE9E78D006EDEF3 /* movie_app */,
				826D19BA2BE9E78F006EDEF3 /* movie_appTests */,
				826D19C42BE9E78F006EDEF3 /* movie_appUITests */,
			);
		};
/* End PBXProject section */

/* Begin PBXResourcesBuildPhase section */
		826D19A32BE9E78D006EDEF3 /* Resources */ = {
			isa = PBXResourcesBuildPhase;
			buildActionMask = 2147483647;
			files = (
				826D19B22BE9E78F006EDEF3 /* Assets.xcassets in Resources */,
				826D19B52BE9E78F006EDEF3 /* Base in Resources */,
				826D19B02BE9E78D006EDEF3 /* Base in Resources */,
			);
			runOnlyForDeploymentPostprocessing = 0;
		};
		826D19B92BE9E78F006EDEF3 /* Resources */ = {
			isa = PBXResourcesBuildPhase;
			buildActionMask = 2147483647;
			files = (
			);
			runOnlyForDeploymentPostprocessing = 0;
		};
		826D19C32BE9E78F006EDEF3 /* Resources */ = {
			isa = PBXResourcesBuildPhase;
			buildActionMask = 2147483647;
			files = (
			);
			runOnlyForDeploymentPostprocessing = 0;
		};
/* End PBXResourcesBuildPhase section */

/* Begin PBXShellScriptBuildPhase section */
		3530F1CA9DDA8C7C6DDE47D6 /* [CP] Embed Pods Frameworks */ = {
			isa = PBXShellScriptBuildPhase;
			buildActionMask = 2147483647;
			files = (
			);
			inputFileListPaths = (
				"${PODS_ROOT}/Target Support Files/Pods-movie_app-movie_appUITests/Pods-movie_app-movie_appUITests-frameworks-${CONFIGURATION}-input-files.xcfilelist",
			);
			name = "[CP] Embed Pods Frameworks";
			outputFileListPaths = (
				"${PODS_ROOT}/Target Support Files/Pods-movie_app-movie_appUITests/Pods-movie_app-movie_appUITests-frameworks-${CONFIGURATION}-output-files.xcfilelist",
			);
			runOnlyForDeploymentPostprocessing = 0;
			shellPath = /bin/sh;
			shellScript = "\"${PODS_ROOT}/Target Support Files/Pods-movie_app-movie_appUITests/Pods-movie_app-movie_appUITests-frameworks.sh\"\n";
			showEnvVarsInLog = 0;
		};
		88FF493C09E2068E58B96483 /* [CP] Embed Pods Frameworks */ = {
			isa = PBXShellScriptBuildPhase;
			buildActionMask = 2147483647;
			files = (
			);
			inputFileListPaths = (
				"${PODS_ROOT}/Target Support Files/Pods-movie_app/Pods-movie_app-frameworks-${CONFIGURATION}-input-files.xcfilelist",
			);
			name = "[CP] Embed Pods Frameworks";
			outputFileListPaths = (
				"${PODS_ROOT}/Target Support Files/Pods-movie_app/Pods-movie_app-frameworks-${CONFIGURATION}-output-files.xcfilelist",
			);
			runOnlyForDeploymentPostprocessing = 0;
			shellPath = /bin/sh;
			shellScript = "\"${PODS_ROOT}/Target Support Files/Pods-movie_app/Pods-movie_app-frameworks.sh\"\n";
			showEnvVarsInLog = 0;
		};
		9FA812BBC74AFACF12641D4A /* [CP] Check Pods Manifest.lock */ = {
			isa = PBXShellScriptBuildPhase;
			buildActionMask = 2147483647;
			files = (
			);
			inputFileListPaths = (
			);
			inputPaths = (
				"${PODS_PODFILE_DIR_PATH}/Podfile.lock",
				"${PODS_ROOT}/Manifest.lock",
			);
			name = "[CP] Check Pods Manifest.lock";
			outputFileListPaths = (
			);
			outputPaths = (
				"$(DERIVED_FILE_DIR)/Pods-movie_app-movie_appUITests-checkManifestLockResult.txt",
			);
			runOnlyForDeploymentPostprocessing = 0;
			shellPath = /bin/sh;
			shellScript = "diff \"${PODS_PODFILE_DIR_PATH}/Podfile.lock\" \"${PODS_ROOT}/Manifest.lock\" > /dev/null\nif [ $? != 0 ] ; then\n    # print error to STDERR\n    echo \"error: The sandbox is not in sync with the Podfile.lock. Run 'pod install' or update your CocoaPods installation.\" >&2\n    exit 1\nfi\n# This output is used by Xcode 'outputs' to avoid re-running this script phase.\necho \"SUCCESS\" > \"${SCRIPT_OUTPUT_FILE_0}\"\n";
			showEnvVarsInLog = 0;
		};
		C182A3AD74741956CBD71EA3 /* [CP] Check Pods Manifest.lock */ = {
			isa = PBXShellScriptBuildPhase;
			buildActionMask = 2147483647;
			files = (
			);
			inputFileListPaths = (
			);
			inputPaths = (
				"${PODS_PODFILE_DIR_PATH}/Podfile.lock",
				"${PODS_ROOT}/Manifest.lock",
			);
			name = "[CP] Check Pods Manifest.lock";
			outputFileListPaths = (
			);
			outputPaths = (
				"$(DERIVED_FILE_DIR)/Pods-movie_app-checkManifestLockResult.txt",
			);
			runOnlyForDeploymentPostprocessing = 0;
			shellPath = /bin/sh;
			shellScript = "diff \"${PODS_PODFILE_DIR_PATH}/Podfile.lock\" \"${PODS_ROOT}/Manifest.lock\" > /dev/null\nif [ $? != 0 ] ; then\n    # print error to STDERR\n    echo \"error: The sandbox is not in sync with the Podfile.lock. Run 'pod install' or update your CocoaPods installation.\" >&2\n    exit 1\nfi\n# This output is used by Xcode 'outputs' to avoid re-running this script phase.\necho \"SUCCESS\" > \"${SCRIPT_OUTPUT_FILE_0}\"\n";
			showEnvVarsInLog = 0;
		};
		FED01B14303472D9EA999C4E /* [CP] Check Pods Manifest.lock */ = {
			isa = PBXShellScriptBuildPhase;
			buildActionMask = 2147483647;
			files = (
			);
			inputFileListPaths = (
			);
			inputPaths = (
				"${PODS_PODFILE_DIR_PATH}/Podfile.lock",
				"${PODS_ROOT}/Manifest.lock",
			);
			name = "[CP] Check Pods Manifest.lock";
			outputFileListPaths = (
			);
			outputPaths = (
				"$(DERIVED_FILE_DIR)/Pods-movie_appTests-checkManifestLockResult.txt",
			);
			runOnlyForDeploymentPostprocessing = 0;
			shellPath = /bin/sh;
			shellScript = "diff \"${PODS_PODFILE_DIR_PATH}/Podfile.lock\" \"${PODS_ROOT}/Manifest.lock\" > /dev/null\nif [ $? != 0 ] ; then\n    # print error to STDERR\n    echo \"error: The sandbox is not in sync with the Podfile.lock. Run 'pod install' or update your CocoaPods installation.\" >&2\n    exit 1\nfi\n# This output is used by Xcode 'outputs' to avoid re-running this script phase.\necho \"SUCCESS\" > \"${SCRIPT_OUTPUT_FILE_0}\"\n";
			showEnvVarsInLog = 0;
		};
/* End PBXShellScriptBuildPhase section */

/* Begin PBXSourcesBuildPhase section */
		826D19A12BE9E78D006EDEF3 /* Sources */ = {
			isa = PBXSourcesBuildPhase;
			buildActionMask = 2147483647;
			files = (
				82D6D3D92BF678C200AEA611 /* DBHelper.swift in Sources */,
				8207F4972BF74F4E009E322B /* UIViewExtension.swift in Sources */,
				826F56862BF3EDD200968902 /* MovieTableViewCell.swift in Sources */,
				826F56832BF3E68C00968902 /* Genre.swift in Sources */,
				821063E82BEA0B760066B4DA /* Movie.swift in Sources */,
				828E2F712BEECBDD00B56A96 /* HomeVC.swift in Sources */,
				821E6A142BEDD46900868672 /* MovieDetail.swift in Sources */,
				826D19A92BE9E78D006EDEF3 /* AppDelegate.swift in Sources */,
				826F56802BF3CB0500968902 /* MovieDetailVC.swift in Sources */,
				821E6A192BEDD85300868672 /* NetworkManager.swift in Sources */,
				826D19AB2BE9E78D006EDEF3 /* SceneDelegate.swift in Sources */,
				8207F4952BF7088E009E322B /* DateFormatterHelper.swift in Sources */,
				828E2F6A2BEE9A4400B56A96 /* UrlSession.swift in Sources */,
			);
			runOnlyForDeploymentPostprocessing = 0;
		};
		826D19B72BE9E78F006EDEF3 /* Sources */ = {
			isa = PBXSourcesBuildPhase;
			buildActionMask = 2147483647;
			files = (
			);
			runOnlyForDeploymentPostprocessing = 0;
		};
		826D19C12BE9E78F006EDEF3 /* Sources */ = {
			isa = PBXSourcesBuildPhase;
			buildActionMask = 2147483647;
			files = (
			);
			runOnlyForDeploymentPostprocessing = 0;
		};
/* End PBXSourcesBuildPhase section */

/* Begin PBXTargetDependency section */
		826D19BD2BE9E78F006EDEF3 /* PBXTargetDependency */ = {
			isa = PBXTargetDependency;
			target = 826D19A42BE9E78D006EDEF3 /* movie_app */;
			targetProxy = 826D19BC2BE9E78F006EDEF3 /* PBXContainerItemProxy */;
		};
		826D19C72BE9E78F006EDEF3 /* PBXTargetDependency */ = {
			isa = PBXTargetDependency;
			target = 826D19A42BE9E78D006EDEF3 /* movie_app */;
			targetProxy = 826D19C62BE9E78F006EDEF3 /* PBXContainerItemProxy */;
		};
/* End PBXTargetDependency section */

/* Begin PBXVariantGroup section */
		826D19AE2BE9E78D006EDEF3 /* Main.storyboard */ = {
			isa = PBXVariantGroup;
			children = (
				826D19AF2BE9E78D006EDEF3 /* Base */,
			);
			name = Main.storyboard;
			sourceTree = "<group>";
		};
		826D19B32BE9E78F006EDEF3 /* LaunchScreen.storyboard */ = {
			isa = PBXVariantGroup;
			children = (
				826D19B42BE9E78F006EDEF3 /* Base */,
			);
			name = LaunchScreen.storyboard;
			sourceTree = "<group>";
		};
/* End PBXVariantGroup section */

/* Begin XCBuildConfiguration section */
		826D19CD2BE9E78F006EDEF3 /* Debug */ = {
			isa = XCBuildConfiguration;
			buildSettings = {
				ALWAYS_SEARCH_USER_PATHS = NO;
				ASSETCATALOG_COMPILER_GENERATE_SWIFT_ASSET_SYMBOL_EXTENSIONS = YES;
				CLANG_ANALYZER_NONNULL = YES;
				CLANG_ANALYZER_NUMBER_OBJECT_CONVERSION = YES_AGGRESSIVE;
				CLANG_CXX_LANGUAGE_STANDARD = "gnu++20";
				CLANG_ENABLE_MODULES = YES;
				CLANG_ENABLE_OBJC_ARC = YES;
				CLANG_ENABLE_OBJC_WEAK = YES;
				CLANG_WARN_BLOCK_CAPTURE_AUTORELEASING = YES;
				CLANG_WARN_BOOL_CONVERSION = YES;
				CLANG_WARN_COMMA = YES;
				CLANG_WARN_CONSTANT_CONVERSION = YES;
				CLANG_WARN_DEPRECATED_OBJC_IMPLEMENTATIONS = YES;
				CLANG_WARN_DIRECT_OBJC_ISA_USAGE = YES_ERROR;
				CLANG_WARN_DOCUMENTATION_COMMENTS = YES;
				CLANG_WARN_EMPTY_BODY = YES;
				CLANG_WARN_ENUM_CONVERSION = YES;
				CLANG_WARN_INFINITE_RECURSION = YES;
				CLANG_WARN_INT_CONVERSION = YES;
				CLANG_WARN_NON_LITERAL_NULL_CONVERSION = YES;
				CLANG_WARN_OBJC_IMPLICIT_RETAIN_SELF = YES;
				CLANG_WARN_OBJC_LITERAL_CONVERSION = YES;
				CLANG_WARN_OBJC_ROOT_CLASS = YES_ERROR;
				CLANG_WARN_QUOTED_INCLUDE_IN_FRAMEWORK_HEADER = YES;
				CLANG_WARN_RANGE_LOOP_ANALYSIS = YES;
				CLANG_WARN_STRICT_PROTOTYPES = YES;
				CLANG_WARN_SUSPICIOUS_MOVE = YES;
				CLANG_WARN_UNGUARDED_AVAILABILITY = YES_AGGRESSIVE;
				CLANG_WARN_UNREACHABLE_CODE = YES;
				CLANG_WARN__DUPLICATE_METHOD_MATCH = YES;
				COPY_PHASE_STRIP = NO;
				DEBUG_INFORMATION_FORMAT = dwarf;
				ENABLE_STRICT_OBJC_MSGSEND = YES;
				ENABLE_TESTABILITY = YES;
				ENABLE_USER_SCRIPT_SANDBOXING = YES;
				GCC_C_LANGUAGE_STANDARD = gnu17;
				GCC_DYNAMIC_NO_PIC = NO;
				GCC_NO_COMMON_BLOCKS = YES;
				GCC_OPTIMIZATION_LEVEL = 0;
				GCC_PREPROCESSOR_DEFINITIONS = (
					"DEBUG=1",
					"$(inherited)",
				);
				GCC_WARN_64_TO_32_BIT_CONVERSION = YES;
				GCC_WARN_ABOUT_RETURN_TYPE = YES_ERROR;
				GCC_WARN_UNDECLARED_SELECTOR = YES;
				GCC_WARN_UNINITIALIZED_AUTOS = YES_AGGRESSIVE;
				GCC_WARN_UNUSED_FUNCTION = YES;
				GCC_WARN_UNUSED_VARIABLE = YES;
				IPHONEOS_DEPLOYMENT_TARGET = 17.4;
				LOCALIZATION_PREFERS_STRING_CATALOGS = YES;
				MTL_ENABLE_DEBUG_INFO = INCLUDE_SOURCE;
				MTL_FAST_MATH = YES;
				ONLY_ACTIVE_ARCH = YES;
				SDKROOT = iphoneos;
				SWIFT_ACTIVE_COMPILATION_CONDITIONS = "DEBUG $(inherited)";
				SWIFT_OPTIMIZATION_LEVEL = "-Onone";
			};
			name = Debug;
		};
		826D19CE2BE9E78F006EDEF3 /* Release */ = {
			isa = XCBuildConfiguration;
			buildSettings = {
				ALWAYS_SEARCH_USER_PATHS = NO;
				ASSETCATALOG_COMPILER_GENERATE_SWIFT_ASSET_SYMBOL_EXTENSIONS = YES;
				CLANG_ANALYZER_NONNULL = YES;
				CLANG_ANALYZER_NUMBER_OBJECT_CONVERSION = YES_AGGRESSIVE;
				CLANG_CXX_LANGUAGE_STANDARD = "gnu++20";
				CLANG_ENABLE_MODULES = YES;
				CLANG_ENABLE_OBJC_ARC = YES;
				CLANG_ENABLE_OBJC_WEAK = YES;
				CLANG_WARN_BLOCK_CAPTURE_AUTORELEASING = YES;
				CLANG_WARN_BOOL_CONVERSION = YES;
				CLANG_WARN_COMMA = YES;
				CLANG_WARN_CONSTANT_CONVERSION = YES;
				CLANG_WARN_DEPRECATED_OBJC_IMPLEMENTATIONS = YES;
				CLANG_WARN_DIRECT_OBJC_ISA_USAGE = YES_ERROR;
				CLANG_WARN_DOCUMENTATION_COMMENTS = YES;
				CLANG_WARN_EMPTY_BODY = YES;
				CLANG_WARN_ENUM_CONVERSION = YES;
				CLANG_WARN_INFINITE_RECURSION = YES;
				CLANG_WARN_INT_CONVERSION = YES;
				CLANG_WARN_NON_LITERAL_NULL_CONVERSION = YES;
				CLANG_WARN_OBJC_IMPLICIT_RETAIN_SELF = YES;
				CLANG_WARN_OBJC_LITERAL_CONVERSION = YES;
				CLANG_WARN_OBJC_ROOT_CLASS = YES_ERROR;
				CLANG_WARN_QUOTED_INCLUDE_IN_FRAMEWORK_HEADER = YES;
				CLANG_WARN_RANGE_LOOP_ANALYSIS = YES;
				CLANG_WARN_STRICT_PROTOTYPES = YES;
				CLANG_WARN_SUSPICIOUS_MOVE = YES;
				CLANG_WARN_UNGUARDED_AVAILABILITY = YES_AGGRESSIVE;
				CLANG_WARN_UNREACHABLE_CODE = YES;
				CLANG_WARN__DUPLICATE_METHOD_MATCH = YES;
				COPY_PHASE_STRIP = NO;
				DEBUG_INFORMATION_FORMAT = "dwarf-with-dsym";
				ENABLE_NS_ASSERTIONS = NO;
				ENABLE_STRICT_OBJC_MSGSEND = YES;
				ENABLE_USER_SCRIPT_SANDBOXING = YES;
				GCC_C_LANGUAGE_STANDARD = gnu17;
				GCC_NO_COMMON_BLOCKS = YES;
				GCC_WARN_64_TO_32_BIT_CONVERSION = YES;
				GCC_WARN_ABOUT_RETURN_TYPE = YES_ERROR;
				GCC_WARN_UNDECLARED_SELECTOR = YES;
				GCC_WARN_UNINITIALIZED_AUTOS = YES_AGGRESSIVE;
				GCC_WARN_UNUSED_FUNCTION = YES;
				GCC_WARN_UNUSED_VARIABLE = YES;
				IPHONEOS_DEPLOYMENT_TARGET = 17.4;
				LOCALIZATION_PREFERS_STRING_CATALOGS = YES;
				MTL_ENABLE_DEBUG_INFO = NO;
				MTL_FAST_MATH = YES;
				SDKROOT = iphoneos;
				SWIFT_COMPILATION_MODE = wholemodule;
				VALIDATE_PRODUCT = YES;
			};
			name = Release;
		};
		826D19D02BE9E78F006EDEF3 /* Debug */ = {
			isa = XCBuildConfiguration;
			baseConfigurationReference = E8F2635F26B3DBD78C442C18 /* Pods-movie_app.debug.xcconfig */;
			buildSettings = {
				ASSETCATALOG_COMPILER_APPICON_NAME = AppIcon;
				ASSETCATALOG_COMPILER_GLOBAL_ACCENT_COLOR_NAME = AccentColor;
				CODE_SIGN_STYLE = Automatic;
				CURRENT_PROJECT_VERSION = 1;
				ENABLE_USER_SCRIPT_SANDBOXING = NO;
				GENERATE_INFOPLIST_FILE = YES;
				INFOPLIST_FILE = movie_app/Info.plist;
				INFOPLIST_KEY_UIApplicationSupportsIndirectInputEvents = YES;
				INFOPLIST_KEY_UILaunchStoryboardName = LaunchScreen;
				INFOPLIST_KEY_UIMainStoryboardFile = Main;
				INFOPLIST_KEY_UISupportedInterfaceOrientations_iPad = "UIInterfaceOrientationPortrait UIInterfaceOrientationPortraitUpsideDown UIInterfaceOrientationLandscapeLeft UIInterfaceOrientationLandscapeRight";
				INFOPLIST_KEY_UISupportedInterfaceOrientations_iPhone = "UIInterfaceOrientationPortrait UIInterfaceOrientationLandscapeLeft UIInterfaceOrientationLandscapeRight";
				LD_RUNPATH_SEARCH_PATHS = (
					"$(inherited)",
					"@executable_path/Frameworks",
				);
				MARKETING_VERSION = 1.0;
				PRODUCT_BUNDLE_IDENTIFIER = "hungnt1.movie-app";
				PRODUCT_NAME = "$(TARGET_NAME)";
				SWIFT_EMIT_LOC_STRINGS = YES;
				SWIFT_VERSION = 5.0;
				TARGETED_DEVICE_FAMILY = "1,2";
			};
			name = Debug;
		};
		826D19D12BE9E78F006EDEF3 /* Release */ = {
			isa = XCBuildConfiguration;
			baseConfigurationReference = DDAA418217EC4B07CF918AC3 /* Pods-movie_app.release.xcconfig */;
			buildSettings = {
				ASSETCATALOG_COMPILER_APPICON_NAME = AppIcon;
				ASSETCATALOG_COMPILER_GLOBAL_ACCENT_COLOR_NAME = AccentColor;
				CODE_SIGN_STYLE = Automatic;
				CURRENT_PROJECT_VERSION = 1;
				ENABLE_USER_SCRIPT_SANDBOXING = NO;
				GENERATE_INFOPLIST_FILE = YES;
				INFOPLIST_FILE = movie_app/Info.plist;
				INFOPLIST_KEY_UIApplicationSupportsIndirectInputEvents = YES;
				INFOPLIST_KEY_UILaunchStoryboardName = LaunchScreen;
				INFOPLIST_KEY_UIMainStoryboardFile = Main;
				INFOPLIST_KEY_UISupportedInterfaceOrientations_iPad = "UIInterfaceOrientationPortrait UIInterfaceOrientationPortraitUpsideDown UIInterfaceOrientationLandscapeLeft UIInterfaceOrientationLandscapeRight";
				INFOPLIST_KEY_UISupportedInterfaceOrientations_iPhone = "UIInterfaceOrientationPortrait UIInterfaceOrientationLandscapeLeft UIInterfaceOrientationLandscapeRight";
				LD_RUNPATH_SEARCH_PATHS = (
					"$(inherited)",
					"@executable_path/Frameworks",
				);
				MARKETING_VERSION = 1.0;
				PRODUCT_BUNDLE_IDENTIFIER = "hungnt1.movie-app";
				PRODUCT_NAME = "$(TARGET_NAME)";
				SWIFT_EMIT_LOC_STRINGS = YES;
				SWIFT_VERSION = 5.0;
				TARGETED_DEVICE_FAMILY = "1,2";
			};
			name = Release;
		};
		826D19D32BE9E78F006EDEF3 /* Debug */ = {
			isa = XCBuildConfiguration;
			baseConfigurationReference = 716652F2E3C2AE3143414A8A /* Pods-movie_appTests.debug.xcconfig */;
			buildSettings = {
				ALWAYS_EMBED_SWIFT_STANDARD_LIBRARIES = YES;
				BUNDLE_LOADER = "$(TEST_HOST)";
				CODE_SIGN_STYLE = Automatic;
				CURRENT_PROJECT_VERSION = 1;
				GENERATE_INFOPLIST_FILE = YES;
				IPHONEOS_DEPLOYMENT_TARGET = 17.4;
				MARKETING_VERSION = 1.0;
				PRODUCT_BUNDLE_IDENTIFIER = "hungnt1.movie-appTests";
				PRODUCT_NAME = "$(TARGET_NAME)";
				SWIFT_EMIT_LOC_STRINGS = NO;
				SWIFT_VERSION = 5.0;
				TARGETED_DEVICE_FAMILY = "1,2";
				TEST_HOST = "$(BUILT_PRODUCTS_DIR)/movie_app.app/$(BUNDLE_EXECUTABLE_FOLDER_PATH)/movie_app";
			};
			name = Debug;
		};
		826D19D42BE9E78F006EDEF3 /* Release */ = {
			isa = XCBuildConfiguration;
			baseConfigurationReference = 0C970BBA5730084CCA6735EC /* Pods-movie_appTests.release.xcconfig */;
			buildSettings = {
				ALWAYS_EMBED_SWIFT_STANDARD_LIBRARIES = YES;
				BUNDLE_LOADER = "$(TEST_HOST)";
				CODE_SIGN_STYLE = Automatic;
				CURRENT_PROJECT_VERSION = 1;
				GENERATE_INFOPLIST_FILE = YES;
				IPHONEOS_DEPLOYMENT_TARGET = 17.4;
				MARKETING_VERSION = 1.0;
				PRODUCT_BUNDLE_IDENTIFIER = "hungnt1.movie-appTests";
				PRODUCT_NAME = "$(TARGET_NAME)";
				SWIFT_EMIT_LOC_STRINGS = NO;
				SWIFT_VERSION = 5.0;
				TARGETED_DEVICE_FAMILY = "1,2";
				TEST_HOST = "$(BUILT_PRODUCTS_DIR)/movie_app.app/$(BUNDLE_EXECUTABLE_FOLDER_PATH)/movie_app";
			};
			name = Release;
		};
		826D19D62BE9E78F006EDEF3 /* Debug */ = {
			isa = XCBuildConfiguration;
			baseConfigurationReference = D67FC37DC696C0C2A20CFD79 /* Pods-movie_app-movie_appUITests.debug.xcconfig */;
			buildSettings = {
				CODE_SIGN_STYLE = Automatic;
				CURRENT_PROJECT_VERSION = 1;
				GENERATE_INFOPLIST_FILE = YES;
				MARKETING_VERSION = 1.0;
				PRODUCT_BUNDLE_IDENTIFIER = "hungnt1.movie-appUITests";
				PRODUCT_NAME = "$(TARGET_NAME)";
				SWIFT_EMIT_LOC_STRINGS = NO;
				SWIFT_VERSION = 5.0;
				TARGETED_DEVICE_FAMILY = "1,2";
				TEST_TARGET_NAME = movie_app;
			};
			name = Debug;
		};
		826D19D72BE9E78F006EDEF3 /* Release */ = {
			isa = XCBuildConfiguration;
			baseConfigurationReference = 581020DACDCD78BB52E63321 /* Pods-movie_app-movie_appUITests.release.xcconfig */;
			buildSettings = {
				CODE_SIGN_STYLE = Automatic;
				CURRENT_PROJECT_VERSION = 1;
				GENERATE_INFOPLIST_FILE = YES;
				MARKETING_VERSION = 1.0;
				PRODUCT_BUNDLE_IDENTIFIER = "hungnt1.movie-appUITests";
				PRODUCT_NAME = "$(TARGET_NAME)";
				SWIFT_EMIT_LOC_STRINGS = NO;
				SWIFT_VERSION = 5.0;
				TARGETED_DEVICE_FAMILY = "1,2";
				TEST_TARGET_NAME = movie_app;
			};
			name = Release;
		};
/* End XCBuildConfiguration section */

/* Begin XCConfigurationList section */
		826D19A02BE9E78D006EDEF3 /* Build configuration list for PBXProject "movie_app" */ = {
			isa = XCConfigurationList;
			buildConfigurations = (
				826D19CD2BE9E78F006EDEF3 /* Debug */,
				826D19CE2BE9E78F006EDEF3 /* Release */,
			);
			defaultConfigurationIsVisible = 0;
			defaultConfigurationName = Release;
		};
		826D19CF2BE9E78F006EDEF3 /* Build configuration list for PBXNativeTarget "movie_app" */ = {
			isa = XCConfigurationList;
			buildConfigurations = (
				826D19D02BE9E78F006EDEF3 /* Debug */,
				826D19D12BE9E78F006EDEF3 /* Release */,
			);
			defaultConfigurationIsVisible = 0;
			defaultConfigurationName = Release;
		};
		826D19D22BE9E78F006EDEF3 /* Build configuration list for PBXNativeTarget "movie_appTests" */ = {
			isa = XCConfigurationList;
			buildConfigurations = (
				826D19D32BE9E78F006EDEF3 /* Debug */,
				826D19D42BE9E78F006EDEF3 /* Release */,
			);
			defaultConfigurationIsVisible = 0;
			defaultConfigurationName = Release;
		};
		826D19D52BE9E78F006EDEF3 /* Build configuration list for PBXNativeTarget "movie_appUITests" */ = {
			isa = XCConfigurationList;
			buildConfigurations = (
				826D19D62BE9E78F006EDEF3 /* Debug */,
				826D19D72BE9E78F006EDEF3 /* Release */,
			);
			defaultConfigurationIsVisible = 0;
			defaultConfigurationName = Release;
		};
/* End XCConfigurationList section */
	};
	rootObject = 826D199D2BE9E78D006EDEF3 /* Project object */;
}
